PODS:
  - AccessibilitySnapshot/Core (0.5.1)
  - AccessibilitySnapshot/iOSSnapshotTestCase (0.5.1):
    - AccessibilitySnapshot/Core
    - iOSSnapshotTestCase (~> 6.0)
  - AccessibilitySnapshot/SnapshotTesting (0.5.1):
    - AccessibilitySnapshot/Core
    - SnapshotTesting (~> 1.0)
  - iOSSnapshotTestCase (6.2.0):
    - iOSSnapshotTestCase/SwiftSupport (= 6.2.0)
  - iOSSnapshotTestCase/Core (6.2.0)
  - iOSSnapshotTestCase/SwiftSupport (6.2.0):
    - iOSSnapshotTestCase/Core
  - Paralayout (0.9.1)
  - SnapshotTesting (1.7.2)

DEPENDENCIES:
  - AccessibilitySnapshot/Core (from `../AccessibilitySnapshot.podspec`)
  - AccessibilitySnapshot/iOSSnapshotTestCase (from `../AccessibilitySnapshot.podspec`)
  - AccessibilitySnapshot/SnapshotTesting (from `../AccessibilitySnapshot.podspec`)
  - Paralayout
  - SnapshotTesting (= 1.7.2)

SPEC REPOS:
  trunk:
    - iOSSnapshotTestCase
    - Paralayout
    - SnapshotTesting

EXTERNAL SOURCES:
  AccessibilitySnapshot:
    :path: "../AccessibilitySnapshot.podspec"

SPEC CHECKSUMS:
  AccessibilitySnapshot: 1230b68542cc0d99356e7d7fddf6b6f1ba1acd77
  iOSSnapshotTestCase: 9ab44cb5aa62b84d31847f40680112e15ec579a6
  Paralayout: e36bf8c795ed9930159b9635ebb802d026667d0b
  SnapshotTesting: 8caa6661fea7c8019d5b46de77c16bab99c36c5c

PODFILE CHECKSUM: 2a18c160ce2a2263453ecae237cfc3c32e0df2ed

COCOAPODS: 1.11.0.rc.1
